// !$*UTF8*$!
{
	archiveVersion = 1;
	classes = {
	};
	objectVersion = 46;
	objects = {

/* Begin PBXBuildFile section */
		B5251D5B1F6DCCA7007434C7 /* main.m in Sources */ = {isa = PBXBuildFile; fileRef = B5251D5A1F6DCCA7007434C7 /* main.m */; };
		B5251D5E1F6DCCA7007434C7 /* AppDelegate.m in Sources */ = {isa = PBXBuildFile; fileRef = B5251D5D1F6DCCA7007434C7 /* AppDelegate.m */; };
		B5251D601F6DCCA7007434C7 /* GameScene.sks in Resources */ = {isa = PBXBuildFile; fileRef = B5251D5F1F6DCCA7007434C7 /* GameScene.sks */; };
		B5251D621F6DCCA7007434C7 /* Actions.sks in Resources */ = {isa = PBXBuildFile; fileRef = B5251D611F6DCCA7007434C7 /* Actions.sks */; };
		B5251D651F6DCCA7007434C7 /* GameScene.m in Sources */ = {isa = PBXBuildFile; fileRef = B5251D641F6DCCA7007434C7 /* GameScene.m */; };
		B5251D681F6DCCA7007434C7 /* GameViewController.m in Sources */ = {isa = PBXBuildFile; fileRef = B5251D671F6DCCA7007434C7 /* GameViewController.m */; };
		B5251D6B1F6DCCA7007434C7 /* Main.storyboard in Resources */ = {isa = PBXBuildFile; fileRef = B5251D691F6DCCA7007434C7 /* Main.storyboard */; };
		B5251D6D1F6DCCA7007434C7 /* Assets.xcassets in Resources */ = {isa = PBXBuildFile; fileRef = B5251D6C1F6DCCA7007434C7 /* Assets.xcassets */; };
		B5251D701F6DCCA7007434C7 /* LaunchScreen.storyboard in Resources */ = {isa = PBXBuildFile; fileRef = B5251D6E1F6DCCA7007434C7 /* LaunchScreen.storyboard */; };
		B5251D7B1F6DCCA7007434C7 /* Runestone2017ObjCTests.m in Sources */ = {isa = PBXBuildFile; fileRef = B5251D7A1F6DCCA7007434C7 /* Runestone2017ObjCTests.m */; };
		B5251D861F6DCCA7007434C7 /* Runestone2017ObjCUITests.m in Sources */ = {isa = PBXBuildFile; fileRef = B5251D851F6DCCA7007434C7 /* Runestone2017ObjCUITests.m */; };
		B5251D9A1F6EB3D7007434C7 /* MenuMainViewController.m in Sources */ = {isa = PBXBuildFile; fileRef = B5251D991F6EB3D7007434C7 /* MenuMainViewController.m */; };
		B5251D9B1F6EB3D7007434C7 /* MenuMainViewController.m in Sources */ = {isa = PBXBuildFile; fileRef = B5251D991F6EB3D7007434C7 /* MenuMainViewController.m */; };
		B5251D9C1F6EB3D7007434C7 /* MenuMainViewController.m in Sources */ = {isa = PBXBuildFile; fileRef = B5251D991F6EB3D7007434C7 /* MenuMainViewController.m */; };
		B5251D9F1F6EBE3F007434C7 /* MenuInstructionsViewController.m in Sources */ = {isa = PBXBuildFile; fileRef = B5251D9E1F6EBE3F007434C7 /* MenuInstructionsViewController.m */; };
		B5251DA01F6EBE3F007434C7 /* MenuInstructionsViewController.m in Sources */ = {isa = PBXBuildFile; fileRef = B5251D9E1F6EBE3F007434C7 /* MenuInstructionsViewController.m */; };
		B5251DA11F6EBE3F007434C7 /* MenuInstructionsViewController.m in Sources */ = {isa = PBXBuildFile; fileRef = B5251D9E1F6EBE3F007434C7 /* MenuInstructionsViewController.m */; };
		B5251DAE1F6ECCED007434C7 /* Instructions-1.png in Resources */ = {isa = PBXBuildFile; fileRef = B5251DA71F6ECCED007434C7 /* Instructions-1.png */; };
		B5251DAF1F6ECCED007434C7 /* Instructions-1.png in Resources */ = {isa = PBXBuildFile; fileRef = B5251DA71F6ECCED007434C7 /* Instructions-1.png */; };
		B5251DB01F6ECCED007434C7 /* Instructions-1.png in Resources */ = {isa = PBXBuildFile; fileRef = B5251DA71F6ECCED007434C7 /* Instructions-1.png */; };
		B5251DB11F6ECCED007434C7 /* Instructions-2.png in Resources */ = {isa = PBXBuildFile; fileRef = B5251DA81F6ECCED007434C7 /* Instructions-2.png */; };
		B5251DB21F6ECCED007434C7 /* Instructions-2.png in Resources */ = {isa = PBXBuildFile; fileRef = B5251DA81F6ECCED007434C7 /* Instructions-2.png */; };
		B5251DB31F6ECCED007434C7 /* Instructions-2.png in Resources */ = {isa = PBXBuildFile; fileRef = B5251DA81F6ECCED007434C7 /* Instructions-2.png */; };
		B5251DB41F6ECCED007434C7 /* Instructions-3.5.png in Resources */ = {isa = PBXBuildFile; fileRef = B5251DA91F6ECCED007434C7 /* Instructions-3.5.png */; };
		B5251DB51F6ECCED007434C7 /* Instructions-3.5.png in Resources */ = {isa = PBXBuildFile; fileRef = B5251DA91F6ECCED007434C7 /* Instructions-3.5.png */; };
		B5251DB61F6ECCED007434C7 /* Instructions-3.5.png in Resources */ = {isa = PBXBuildFile; fileRef = B5251DA91F6ECCED007434C7 /* Instructions-3.5.png */; };
		B5251DB71F6ECCED007434C7 /* Instructions-3.png in Resources */ = {isa = PBXBuildFile; fileRef = B5251DAA1F6ECCED007434C7 /* Instructions-3.png */; };
		B5251DB81F6ECCED007434C7 /* Instructions-3.png in Resources */ = {isa = PBXBuildFile; fileRef = B5251DAA1F6ECCED007434C7 /* Instructions-3.png */; };
		B5251DB91F6ECCED007434C7 /* Instructions-3.png in Resources */ = {isa = PBXBuildFile; fileRef = B5251DAA1F6ECCED007434C7 /* Instructions-3.png */; };
		B5251DBA1F6ECCED007434C7 /* Instructions-4.png in Resources */ = {isa = PBXBuildFile; fileRef = B5251DAB1F6ECCED007434C7 /* Instructions-4.png */; };
		B5251DBB1F6ECCED007434C7 /* Instructions-4.png in Resources */ = {isa = PBXBuildFile; fileRef = B5251DAB1F6ECCED007434C7 /* Instructions-4.png */; };
		B5251DBC1F6ECCED007434C7 /* Instructions-4.png in Resources */ = {isa = PBXBuildFile; fileRef = B5251DAB1F6ECCED007434C7 /* Instructions-4.png */; };
		B5251DBD1F6ECCED007434C7 /* Instructions-5.png in Resources */ = {isa = PBXBuildFile; fileRef = B5251DAC1F6ECCED007434C7 /* Instructions-5.png */; };
		B5251DBE1F6ECCED007434C7 /* Instructions-5.png in Resources */ = {isa = PBXBuildFile; fileRef = B5251DAC1F6ECCED007434C7 /* Instructions-5.png */; };
		B5251DBF1F6ECCED007434C7 /* Instructions-5.png in Resources */ = {isa = PBXBuildFile; fileRef = B5251DAC1F6ECCED007434C7 /* Instructions-5.png */; };
		B5251DC01F6ECCED007434C7 /* Instructions-6.png in Resources */ = {isa = PBXBuildFile; fileRef = B5251DAD1F6ECCED007434C7 /* Instructions-6.png */; };
		B5251DC11F6ECCED007434C7 /* Instructions-6.png in Resources */ = {isa = PBXBuildFile; fileRef = B5251DAD1F6ECCED007434C7 /* Instructions-6.png */; };
		B5251DC21F6ECCED007434C7 /* Instructions-6.png in Resources */ = {isa = PBXBuildFile; fileRef = B5251DAD1F6ECCED007434C7 /* Instructions-6.png */; };
		B5251DCA1F6F0370007434C7 /* InstructionsStoryboard.storyboard in Resources */ = {isa = PBXBuildFile; fileRef = B5251DC91F6F0370007434C7 /* InstructionsStoryboard.storyboard */; };
		B5251DCB1F6F0370007434C7 /* InstructionsStoryboard.storyboard in Resources */ = {isa = PBXBuildFile; fileRef = B5251DC91F6F0370007434C7 /* InstructionsStoryboard.storyboard */; };
		B5251DCC1F6F0370007434C7 /* InstructionsStoryboard.storyboard in Resources */ = {isa = PBXBuildFile; fileRef = B5251DC91F6F0370007434C7 /* InstructionsStoryboard.storyboard */; };
		B5251DCF1F6F0909007434C7 /* MenuCreditsViewController.m in Sources */ = {isa = PBXBuildFile; fileRef = B5251DCE1F6F0909007434C7 /* MenuCreditsViewController.m */; };
		B5251DD01F6F0909007434C7 /* MenuCreditsViewController.m in Sources */ = {isa = PBXBuildFile; fileRef = B5251DCE1F6F0909007434C7 /* MenuCreditsViewController.m */; };
		B5251DD11F6F0909007434C7 /* MenuCreditsViewController.m in Sources */ = {isa = PBXBuildFile; fileRef = B5251DCE1F6F0909007434C7 /* MenuCreditsViewController.m */; };
		B5251DD31F6F2643007434C7 /* SparkParticle.sks in Resources */ = {isa = PBXBuildFile; fileRef = B5251DD21F6F2643007434C7 /* SparkParticle.sks */; };
		B5251DD41F6F2643007434C7 /* SparkParticle.sks in Resources */ = {isa = PBXBuildFile; fileRef = B5251DD21F6F2643007434C7 /* SparkParticle.sks */; };
		B5251DD51F6F2643007434C7 /* SparkParticle.sks in Resources */ = {isa = PBXBuildFile; fileRef = B5251DD21F6F2643007434C7 /* SparkParticle.sks */; };
		B5251DD71F6F2854007434C7 /* FireParticle.sks in Resources */ = {isa = PBXBuildFile; fileRef = B5251DD61F6F2854007434C7 /* FireParticle.sks */; };
		B5251DD81F6F2854007434C7 /* FireParticle.sks in Resources */ = {isa = PBXBuildFile; fileRef = B5251DD61F6F2854007434C7 /* FireParticle.sks */; };
		B5251DD91F6F2854007434C7 /* FireParticle.sks in Resources */ = {isa = PBXBuildFile; fileRef = B5251DD61F6F2854007434C7 /* FireParticle.sks */; };
		B5251DDB1F6F2870007434C7 /* MagicParticle.sks in Resources */ = {isa = PBXBuildFile; fileRef = B5251DDA1F6F2870007434C7 /* MagicParticle.sks */; };
		B5251DDC1F6F2870007434C7 /* MagicParticle.sks in Resources */ = {isa = PBXBuildFile; fileRef = B5251DDA1F6F2870007434C7 /* MagicParticle.sks */; };
		B5251DDD1F6F2870007434C7 /* MagicParticle.sks in Resources */ = {isa = PBXBuildFile; fileRef = B5251DDA1F6F2870007434C7 /* MagicParticle.sks */; };
		B566732B1F7E219E0081156C /* GameScene.m in Sources */ = {isa = PBXBuildFile; fileRef = B5251D641F6DCCA7007434C7 /* GameScene.m */; };
		B85D9133C1E2665F7B01F253 /* Pods_Runestone2017ObjC.framework in Frameworks */ = {isa = PBXBuildFile; fileRef = 56E1F6342B22243CB2A02648 /* Pods_Runestone2017ObjC.framework */; };
/* End PBXBuildFile section */

/* Begin PBXContainerItemProxy section */
		B5251D771F6DCCA7007434C7 /* PBXContainerItemProxy */ = {
			isa = PBXContainerItemProxy;
			containerPortal = B5251D4E1F6DCCA7007434C7 /* Project object */;
			proxyType = 1;
			remoteGlobalIDString = B5251D551F6DCCA7007434C7;
			remoteInfo = Runestone2017ObjC;
		};
		B5251D821F6DCCA7007434C7 /* PBXContainerItemProxy */ = {
			isa = PBXContainerItemProxy;
			containerPortal = B5251D4E1F6DCCA7007434C7 /* Project object */;
			proxyType = 1;
			remoteGlobalIDString = B5251D551F6DCCA7007434C7;
			remoteInfo = Runestone2017ObjC;
		};
/* End PBXContainerItemProxy section */

/* Begin PBXFileReference section */
		56E1F6342B22243CB2A02648 /* Pods_Runestone2017ObjC.framework */ = {isa = PBXFileReference; explicitFileType = wrapper.framework; includeInIndex = 0; path = Pods_Runestone2017ObjC.framework; sourceTree = BUILT_PRODUCTS_DIR; };
		6B9EE60A10A9CF4149013346 /* Pods-Runestone2017ObjC.release.xcconfig */ = {isa = PBXFileReference; includeInIndex = 1; lastKnownFileType = text.xcconfig; name = "Pods-Runestone2017ObjC.release.xcconfig"; path = "Target Support Files/Pods-Runestone2017ObjC/Pods-Runestone2017ObjC.release.xcconfig"; sourceTree = "<group>"; };
		B5251D561F6DCCA7007434C7 /* Runestone2017ObjC.app */ = {isa = PBXFileReference; explicitFileType = wrapper.application; includeInIndex = 0; path = Runestone2017ObjC.app; sourceTree = BUILT_PRODUCTS_DIR; };
		B5251D5A1F6DCCA7007434C7 /* main.m */ = {isa = PBXFileReference; lastKnownFileType = sourcecode.c.objc; path = main.m; sourceTree = "<group>"; };
		B5251D5C1F6DCCA7007434C7 /* AppDelegate.h */ = {isa = PBXFileReference; lastKnownFileType = sourcecode.c.h; path = AppDelegate.h; sourceTree = "<group>"; };
		B5251D5D1F6DCCA7007434C7 /* AppDelegate.m */ = {isa = PBXFileReference; lastKnownFileType = sourcecode.c.objc; path = AppDelegate.m; sourceTree = "<group>"; };
		B5251D5F1F6DCCA7007434C7 /* GameScene.sks */ = {isa = PBXFileReference; lastKnownFileType = file.sks; path = GameScene.sks; sourceTree = "<group>"; };
		B5251D611F6DCCA7007434C7 /* Actions.sks */ = {isa = PBXFileReference; lastKnownFileType = file.sks; path = Actions.sks; sourceTree = "<group>"; };
		B5251D631F6DCCA7007434C7 /* GameScene.h */ = {isa = PBXFileReference; lastKnownFileType = sourcecode.c.h; path = GameScene.h; sourceTree = "<group>"; };
		B5251D641F6DCCA7007434C7 /* GameScene.m */ = {isa = PBXFileReference; lastKnownFileType = sourcecode.c.objc; path = GameScene.m; sourceTree = "<group>"; };
		B5251D661F6DCCA7007434C7 /* GameViewController.h */ = {isa = PBXFileReference; lastKnownFileType = sourcecode.c.h; path = GameViewController.h; sourceTree = "<group>"; };
		B5251D671F6DCCA7007434C7 /* GameViewController.m */ = {isa = PBXFileReference; lastKnownFileType = sourcecode.c.objc; path = GameViewController.m; sourceTree = "<group>"; };
		B5251D6A1F6DCCA7007434C7 /* Base */ = {isa = PBXFileReference; lastKnownFileType = file.storyboard; name = Base; path = Base.lproj/Main.storyboard; sourceTree = "<group>"; };
		B5251D6C1F6DCCA7007434C7 /* Assets.xcassets */ = {isa = PBXFileReference; lastKnownFileType = folder.assetcatalog; path = Assets.xcassets; sourceTree = "<group>"; };
		B5251D6F1F6DCCA7007434C7 /* Base */ = {isa = PBXFileReference; lastKnownFileType = file.storyboard; name = Base; path = Base.lproj/LaunchScreen.storyboard; sourceTree = "<group>"; };
		B5251D711F6DCCA7007434C7 /* Info.plist */ = {isa = PBXFileReference; lastKnownFileType = text.plist.xml; path = Info.plist; sourceTree = "<group>"; };
		B5251D761F6DCCA7007434C7 /* Runestone2017ObjCTests.xctest */ = {isa = PBXFileReference; explicitFileType = wrapper.cfbundle; includeInIndex = 0; path = Runestone2017ObjCTests.xctest; sourceTree = BUILT_PRODUCTS_DIR; };
		B5251D7A1F6DCCA7007434C7 /* Runestone2017ObjCTests.m */ = {isa = PBXFileReference; lastKnownFileType = sourcecode.c.objc; path = Runestone2017ObjCTests.m; sourceTree = "<group>"; };
		B5251D7C1F6DCCA7007434C7 /* Info.plist */ = {isa = PBXFileReference; lastKnownFileType = text.plist.xml; path = Info.plist; sourceTree = "<group>"; };
		B5251D811F6DCCA7007434C7 /* Runestone2017ObjCUITests.xctest */ = {isa = PBXFileReference; explicitFileType = wrapper.cfbundle; includeInIndex = 0; path = Runestone2017ObjCUITests.xctest; sourceTree = BUILT_PRODUCTS_DIR; };
		B5251D851F6DCCA7007434C7 /* Runestone2017ObjCUITests.m */ = {isa = PBXFileReference; lastKnownFileType = sourcecode.c.objc; path = Runestone2017ObjCUITests.m; sourceTree = "<group>"; };
		B5251D871F6DCCA7007434C7 /* Info.plist */ = {isa = PBXFileReference; lastKnownFileType = text.plist.xml; path = Info.plist; sourceTree = "<group>"; };
		B5251D981F6EB3D7007434C7 /* MenuMainViewController.h */ = {isa = PBXFileReference; fileEncoding = 4; lastKnownFileType = sourcecode.c.h; path = MenuMainViewController.h; sourceTree = "<group>"; };
		B5251D991F6EB3D7007434C7 /* MenuMainViewController.m */ = {isa = PBXFileReference; fileEncoding = 4; lastKnownFileType = sourcecode.c.objc; path = MenuMainViewController.m; sourceTree = "<group>"; };
		B5251D9D1F6EBE3F007434C7 /* MenuInstructionsViewController.h */ = {isa = PBXFileReference; fileEncoding = 4; lastKnownFileType = sourcecode.c.h; path = MenuInstructionsViewController.h; sourceTree = "<group>"; };
		B5251D9E1F6EBE3F007434C7 /* MenuInstructionsViewController.m */ = {isa = PBXFileReference; fileEncoding = 4; lastKnownFileType = sourcecode.c.objc; path = MenuInstructionsViewController.m; sourceTree = "<group>"; };
		B5251DA71F6ECCED007434C7 /* Instructions-1.png */ = {isa = PBXFileReference; lastKnownFileType = image.png; path = "Instructions-1.png"; sourceTree = "<group>"; };
		B5251DA81F6ECCED007434C7 /* Instructions-2.png */ = {isa = PBXFileReference; lastKnownFileType = image.png; path = "Instructions-2.png"; sourceTree = "<group>"; };
		B5251DA91F6ECCED007434C7 /* Instructions-3.5.png */ = {isa = PBXFileReference; lastKnownFileType = image.png; path = "Instructions-3.5.png"; sourceTree = "<group>"; };
		B5251DAA1F6ECCED007434C7 /* Instructions-3.png */ = {isa = PBXFileReference; lastKnownFileType = image.png; path = "Instructions-3.png"; sourceTree = "<group>"; };
		B5251DAB1F6ECCED007434C7 /* Instructions-4.png */ = {isa = PBXFileReference; lastKnownFileType = image.png; path = "Instructions-4.png"; sourceTree = "<group>"; };
		B5251DAC1F6ECCED007434C7 /* Instructions-5.png */ = {isa = PBXFileReference; lastKnownFileType = image.png; path = "Instructions-5.png"; sourceTree = "<group>"; };
		B5251DAD1F6ECCED007434C7 /* Instructions-6.png */ = {isa = PBXFileReference; lastKnownFileType = image.png; path = "Instructions-6.png"; sourceTree = "<group>"; };
		B5251DC91F6F0370007434C7 /* InstructionsStoryboard.storyboard */ = {isa = PBXFileReference; fileEncoding = 4; lastKnownFileType = file.storyboard; path = InstructionsStoryboard.storyboard; sourceTree = "<group>"; };
		B5251DCD1F6F0909007434C7 /* MenuCreditsViewController.h */ = {isa = PBXFileReference; fileEncoding = 4; lastKnownFileType = sourcecode.c.h; path = MenuCreditsViewController.h; sourceTree = "<group>"; };
		B5251DCE1F6F0909007434C7 /* MenuCreditsViewController.m */ = {isa = PBXFileReference; fileEncoding = 4; lastKnownFileType = sourcecode.c.objc; path = MenuCreditsViewController.m; sourceTree = "<group>"; };
		B5251DD21F6F2643007434C7 /* SparkParticle.sks */ = {isa = PBXFileReference; lastKnownFileType = file.sks; path = SparkParticle.sks; sourceTree = "<group>"; };
		B5251DD61F6F2854007434C7 /* FireParticle.sks */ = {isa = PBXFileReference; lastKnownFileType = file.sks; path = FireParticle.sks; sourceTree = "<group>"; };
		B5251DDA1F6F2870007434C7 /* MagicParticle.sks */ = {isa = PBXFileReference; lastKnownFileType = file.sks; path = MagicParticle.sks; sourceTree = "<group>"; };
		B5B499F61F6FB232006C4217 /* Runestone2017ObjC-Bridging-Header.h */ = {isa = PBXFileReference; fileEncoding = 4; lastKnownFileType = sourcecode.c.h; path = "Runestone2017ObjC-Bridging-Header.h"; sourceTree = "<group>"; };
		B5B499F71F6FB284006C4217 /* Runestone2017ObjCTests-Bridging-Header.h */ = {isa = PBXFileReference; fileEncoding = 4; lastKnownFileType = sourcecode.c.h; path = "Runestone2017ObjCTests-Bridging-Header.h"; sourceTree = "<group>"; };
		B5B499F81F6FB28A006C4217 /* Runestone2017ObjCUITests-Bridging-Header.h */ = {isa = PBXFileReference; fileEncoding = 4; lastKnownFileType = sourcecode.c.h; path = "Runestone2017ObjCUITests-Bridging-Header.h"; sourceTree = "<group>"; };
		C78011710FACE005B89B42C4 /* Pods-Runestone2017ObjC.debug.xcconfig */ = {isa = PBXFileReference; includeInIndex = 1; lastKnownFileType = text.xcconfig; name = "Pods-Runestone2017ObjC.debug.xcconfig"; path = "Target Support Files/Pods-Runestone2017ObjC/Pods-Runestone2017ObjC.debug.xcconfig"; sourceTree = "<group>"; };
/* End PBXFileReference section */

/* Begin PBXFrameworksBuildPhase section */
		B5251D531F6DCCA7007434C7 /* Frameworks */ = {
			isa = PBXFrameworksBuildPhase;
			buildActionMask = 2147483647;
			files = (
				B85D9133C1E2665F7B01F253 /* Pods_Runestone2017ObjC.framework in Frameworks */,
			);
			runOnlyForDeploymentPostprocessing = 0;
		};
		B5251D731F6DCCA7007434C7 /* Frameworks */ = {
			isa = PBXFrameworksBuildPhase;
			buildActionMask = 2147483647;
			files = (
			);
			runOnlyForDeploymentPostprocessing = 0;
		};
		B5251D7E1F6DCCA7007434C7 /* Frameworks */ = {
			isa = PBXFrameworksBuildPhase;
			buildActionMask = 2147483647;
			files = (
			);
			runOnlyForDeploymentPostprocessing = 0;
		};
/* End PBXFrameworksBuildPhase section */

/* Begin PBXGroup section */
		1FAFC08A0DE99648F99C7F0C /* Pods */ = {
			isa = PBXGroup;
			children = (
				C78011710FACE005B89B42C4 /* Pods-Runestone2017ObjC.debug.xcconfig */,
				6B9EE60A10A9CF4149013346 /* Pods-Runestone2017ObjC.release.xcconfig */,
			);
			name = Pods;
			path = Pods;
			sourceTree = "<group>";
		};
		B2DB9998CA33AE5DD439E28C /* Frameworks */ = {
			isa = PBXGroup;
			children = (
				56E1F6342B22243CB2A02648 /* Pods_Runestone2017ObjC.framework */,
			);
			name = Frameworks;
			sourceTree = "<group>";
		};
		B5251D4D1F6DCCA7007434C7 = {
			isa = PBXGroup;
			children = (
				B5251D581F6DCCA7007434C7 /* Runestone2017ObjC */,
				B5251D791F6DCCA7007434C7 /* Runestone2017ObjCTests */,
				B5251D841F6DCCA7007434C7 /* Runestone2017ObjCUITests */,
				B5251D571F6DCCA7007434C7 /* Products */,
				1FAFC08A0DE99648F99C7F0C /* Pods */,
				B2DB9998CA33AE5DD439E28C /* Frameworks */,
			);
			sourceTree = "<group>";
		};
		B5251D571F6DCCA7007434C7 /* Products */ = {
			isa = PBXGroup;
			children = (
				B5251D561F6DCCA7007434C7 /* Runestone2017ObjC.app */,
				B5251D761F6DCCA7007434C7 /* Runestone2017ObjCTests.xctest */,
				B5251D811F6DCCA7007434C7 /* Runestone2017ObjCUITests.xctest */,
			);
			name = Products;
			sourceTree = "<group>";
		};
		B5251D581F6DCCA7007434C7 /* Runestone2017ObjC */ = {
			isa = PBXGroup;
			children = (
				B5251DDE1F6FAEAE007434C7 /* Swift Game Engine */,
				B5251D5C1F6DCCA7007434C7 /* AppDelegate.h */,
				B5251D5D1F6DCCA7007434C7 /* AppDelegate.m */,
				B5251D5F1F6DCCA7007434C7 /* GameScene.sks */,
				B5251D611F6DCCA7007434C7 /* Actions.sks */,
				B5251DD21F6F2643007434C7 /* SparkParticle.sks */,
				B5251DD61F6F2854007434C7 /* FireParticle.sks */,
				B5251DDA1F6F2870007434C7 /* MagicParticle.sks */,
				B5251D631F6DCCA7007434C7 /* GameScene.h */,
				B5251D641F6DCCA7007434C7 /* GameScene.m */,
				B5251D661F6DCCA7007434C7 /* GameViewController.h */,
				B5251D671F6DCCA7007434C7 /* GameViewController.m */,
				B5251DA21F6EBE46007434C7 /* Menus */,
				B5251D691F6DCCA7007434C7 /* Main.storyboard */,
				B5251DC91F6F0370007434C7 /* InstructionsStoryboard.storyboard */,
				B5251D6C1F6DCCA7007434C7 /* Assets.xcassets */,
				B5251D6E1F6DCCA7007434C7 /* LaunchScreen.storyboard */,
				B5251D711F6DCCA7007434C7 /* Info.plist */,
				B5251DA71F6ECCED007434C7 /* Instructions-1.png */,
				B5251DA81F6ECCED007434C7 /* Instructions-2.png */,
				B5251DA91F6ECCED007434C7 /* Instructions-3.5.png */,
				B5251DAA1F6ECCED007434C7 /* Instructions-3.png */,
				B5251DAB1F6ECCED007434C7 /* Instructions-4.png */,
				B5251DAC1F6ECCED007434C7 /* Instructions-5.png */,
				B5251DAD1F6ECCED007434C7 /* Instructions-6.png */,
				B5251D591F6DCCA7007434C7 /* Supporting Files */,
			);
			path = Runestone2017ObjC;
			sourceTree = "<group>";
		};
		B5251D591F6DCCA7007434C7 /* Supporting Files */ = {
			isa = PBXGroup;
			children = (
				B5251D5A1F6DCCA7007434C7 /* main.m */,
			);
			name = "Supporting Files";
			sourceTree = "<group>";
		};
		B5251D791F6DCCA7007434C7 /* Runestone2017ObjCTests */ = {
			isa = PBXGroup;
			children = (
				B5251D7A1F6DCCA7007434C7 /* Runestone2017ObjCTests.m */,
				B5251D7C1F6DCCA7007434C7 /* Info.plist */,
			);
			path = Runestone2017ObjCTests;
			sourceTree = "<group>";
		};
		B5251D841F6DCCA7007434C7 /* Runestone2017ObjCUITests */ = {
			isa = PBXGroup;
			children = (
				B5251D851F6DCCA7007434C7 /* Runestone2017ObjCUITests.m */,
				B5251D871F6DCCA7007434C7 /* Info.plist */,
			);
			path = Runestone2017ObjCUITests;
			sourceTree = "<group>";
		};
		B5251DA21F6EBE46007434C7 /* Menus */ = {
			isa = PBXGroup;
			children = (
				B5251D981F6EB3D7007434C7 /* MenuMainViewController.h */,
				B5251D991F6EB3D7007434C7 /* MenuMainViewController.m */,
				B5251D9D1F6EBE3F007434C7 /* MenuInstructionsViewController.h */,
				B5251D9E1F6EBE3F007434C7 /* MenuInstructionsViewController.m */,
				B5251DCD1F6F0909007434C7 /* MenuCreditsViewController.h */,
				B5251DCE1F6F0909007434C7 /* MenuCreditsViewController.m */,
			);
			name = Menus;
			sourceTree = "<group>";
		};
		B5251DDE1F6FAEAE007434C7 /* Swift Game Engine */ = {
			isa = PBXGroup;
			children = (
				B5B499F61F6FB232006C4217 /* Runestone2017ObjC-Bridging-Header.h */,
				B5B499F71F6FB284006C4217 /* Runestone2017ObjCTests-Bridging-Header.h */,
				B5B499F81F6FB28A006C4217 /* Runestone2017ObjCUITests-Bridging-Header.h */,
			);
			name = "Swift Game Engine";
			sourceTree = "<group>";
		};
/* End PBXGroup section */

/* Begin PBXNativeTarget section */
		B5251D551F6DCCA7007434C7 /* Runestone2017ObjC */ = {
			isa = PBXNativeTarget;
			buildConfigurationList = B5251D8A1F6DCCA7007434C7 /* Build configuration list for PBXNativeTarget "Runestone2017ObjC" */;
			buildPhases = (
				A4D6F40E96EF771459167C9A /* [CP] Check Pods Manifest.lock */,
				B5251D521F6DCCA7007434C7 /* Sources */,
				B5251D531F6DCCA7007434C7 /* Frameworks */,
				B5251D541F6DCCA7007434C7 /* Resources */,
				155A18F8568B1EE3F00B6810 /* [CP] Embed Pods Frameworks */,
			);
			buildRules = (
			);
			dependencies = (
			);
			name = Runestone2017ObjC;
			productName = Runestone2017ObjC;
			productReference = B5251D561F6DCCA7007434C7 /* Runestone2017ObjC.app */;
			productType = "com.apple.product-type.application";
		};
		B5251D751F6DCCA7007434C7 /* Runestone2017ObjCTests */ = {
			isa = PBXNativeTarget;
			buildConfigurationList = B5251D8D1F6DCCA7007434C7 /* Build configuration list for PBXNativeTarget "Runestone2017ObjCTests" */;
			buildPhases = (
				B5251D721F6DCCA7007434C7 /* Sources */,
				B5251D731F6DCCA7007434C7 /* Frameworks */,
				B5251D741F6DCCA7007434C7 /* Resources */,
			);
			buildRules = (
			);
			dependencies = (
				B5251D781F6DCCA7007434C7 /* PBXTargetDependency */,
			);
			name = Runestone2017ObjCTests;
			productName = Runestone2017ObjCTests;
			productReference = B5251D761F6DCCA7007434C7 /* Runestone2017ObjCTests.xctest */;
			productType = "com.apple.product-type.bundle.unit-test";
		};
		B5251D801F6DCCA7007434C7 /* Runestone2017ObjCUITests */ = {
			isa = PBXNativeTarget;
			buildConfigurationList = B5251D901F6DCCA7007434C7 /* Build configuration list for PBXNativeTarget "Runestone2017ObjCUITests" */;
			buildPhases = (
				B5251D7D1F6DCCA7007434C7 /* Sources */,
				B5251D7E1F6DCCA7007434C7 /* Frameworks */,
				B5251D7F1F6DCCA7007434C7 /* Resources */,
			);
			buildRules = (
			);
			dependencies = (
				B5251D831F6DCCA7007434C7 /* PBXTargetDependency */,
			);
			name = Runestone2017ObjCUITests;
			productName = Runestone2017ObjCUITests;
			productReference = B5251D811F6DCCA7007434C7 /* Runestone2017ObjCUITests.xctest */;
			productType = "com.apple.product-type.bundle.ui-testing";
		};
/* End PBXNativeTarget section */

/* Begin PBXProject section */
		B5251D4E1F6DCCA7007434C7 /* Project object */ = {
			isa = PBXProject;
			attributes = {
				LastUpgradeCheck = 1330;
				ORGANIZATIONNAME = "Ben Wheatley";
				TargetAttributes = {
					B5251D551F6DCCA7007434C7 = {
						CreatedOnToolsVersion = 8.3.3;
						LastSwiftMigration = 0830;
						ProvisioningStyle = Manual;
					};
					B5251D751F6DCCA7007434C7 = {
						CreatedOnToolsVersion = 8.3.3;
						LastSwiftMigration = 0830;
						ProvisioningStyle = Automatic;
						TestTargetID = B5251D551F6DCCA7007434C7;
					};
					B5251D801F6DCCA7007434C7 = {
						CreatedOnToolsVersion = 8.3.3;
						LastSwiftMigration = 0830;
						ProvisioningStyle = Automatic;
						TestTargetID = B5251D551F6DCCA7007434C7;
					};
				};
			};
			buildConfigurationList = B5251D511F6DCCA7007434C7 /* Build configuration list for PBXProject "Runestone2017ObjC" */;
			compatibilityVersion = "Xcode 3.2";
			developmentRegion = en;
			hasScannedForEncodings = 0;
			knownRegions = (
				en,
				Base,
			);
			mainGroup = B5251D4D1F6DCCA7007434C7;
			productRefGroup = B5251D571F6DCCA7007434C7 /* Products */;
			projectDirPath = "";
			projectRoot = "";
			targets = (
				B5251D551F6DCCA7007434C7 /* Runestone2017ObjC */,
				B5251D751F6DCCA7007434C7 /* Runestone2017ObjCTests */,
				B5251D801F6DCCA7007434C7 /* Runestone2017ObjCUITests */,
			);
		};
/* End PBXProject section */

/* Begin PBXResourcesBuildPhase section */
		B5251D541F6DCCA7007434C7 /* Resources */ = {
			isa = PBXResourcesBuildPhase;
			buildActionMask = 2147483647;
			files = (
				B5251DBD1F6ECCED007434C7 /* Instructions-5.png in Resources */,
				B5251DAE1F6ECCED007434C7 /* Instructions-1.png in Resources */,
				B5251DD71F6F2854007434C7 /* FireParticle.sks in Resources */,
				B5251DB11F6ECCED007434C7 /* Instructions-2.png in Resources */,
				B5251D6B1F6DCCA7007434C7 /* Main.storyboard in Resources */,
				B5251DDB1F6F2870007434C7 /* MagicParticle.sks in Resources */,
				B5251D601F6DCCA7007434C7 /* GameScene.sks in Resources */,
				B5251D6D1F6DCCA7007434C7 /* Assets.xcassets in Resources */,
				B5251DC01F6ECCED007434C7 /* Instructions-6.png in Resources */,
				B5251DD31F6F2643007434C7 /* SparkParticle.sks in Resources */,
				B5251DBA1F6ECCED007434C7 /* Instructions-4.png in Resources */,
				B5251DB71F6ECCED007434C7 /* Instructions-3.png in Resources */,
				B5251D701F6DCCA7007434C7 /* LaunchScreen.storyboard in Resources */,
				B5251DB41F6ECCED007434C7 /* Instructions-3.5.png in Resources */,
				B5251DCA1F6F0370007434C7 /* InstructionsStoryboard.storyboard in Resources */,
				B5251D621F6DCCA7007434C7 /* Actions.sks in Resources */,
			);
			runOnlyForDeploymentPostprocessing = 0;
		};
		B5251D741F6DCCA7007434C7 /* Resources */ = {
			isa = PBXResourcesBuildPhase;
			buildActionMask = 2147483647;
			files = (
				B5251DB21F6ECCED007434C7 /* Instructions-2.png in Resources */,
				B5251DBB1F6ECCED007434C7 /* Instructions-4.png in Resources */,
				B5251DBE1F6ECCED007434C7 /* Instructions-5.png in Resources */,
				B5251DB81F6ECCED007434C7 /* Instructions-3.png in Resources */,
				B5251DAF1F6ECCED007434C7 /* Instructions-1.png in Resources */,
				B5251DC11F6ECCED007434C7 /* Instructions-6.png in Resources */,
				B5251DCB1F6F0370007434C7 /* InstructionsStoryboard.storyboard in Resources */,
				B5251DD81F6F2854007434C7 /* FireParticle.sks in Resources */,
				B5251DD41F6F2643007434C7 /* SparkParticle.sks in Resources */,
				B5251DDC1F6F2870007434C7 /* MagicParticle.sks in Resources */,
				B5251DB51F6ECCED007434C7 /* Instructions-3.5.png in Resources */,
			);
			runOnlyForDeploymentPostprocessing = 0;
		};
		B5251D7F1F6DCCA7007434C7 /* Resources */ = {
			isa = PBXResourcesBuildPhase;
			buildActionMask = 2147483647;
			files = (
				B5251DB31F6ECCED007434C7 /* Instructions-2.png in Resources */,
				B5251DBC1F6ECCED007434C7 /* Instructions-4.png in Resources */,
				B5251DBF1F6ECCED007434C7 /* Instructions-5.png in Resources */,
				B5251DB91F6ECCED007434C7 /* Instructions-3.png in Resources */,
				B5251DB01F6ECCED007434C7 /* Instructions-1.png in Resources */,
				B5251DC21F6ECCED007434C7 /* Instructions-6.png in Resources */,
				B5251DCC1F6F0370007434C7 /* InstructionsStoryboard.storyboard in Resources */,
				B5251DD91F6F2854007434C7 /* FireParticle.sks in Resources */,
				B5251DD51F6F2643007434C7 /* SparkParticle.sks in Resources */,
				B5251DDD1F6F2870007434C7 /* MagicParticle.sks in Resources */,
				B5251DB61F6ECCED007434C7 /* Instructions-3.5.png in Resources */,
			);
			runOnlyForDeploymentPostprocessing = 0;
		};
/* End PBXResourcesBuildPhase section */

/* Begin PBXShellScriptBuildPhase section */
		155A18F8568B1EE3F00B6810 /* [CP] Embed Pods Frameworks */ = {
			isa = PBXShellScriptBuildPhase;
			buildActionMask = 2147483647;
			files = (
			);
			inputPaths = (
				"${PODS_ROOT}/Target Support Files/Pods-Runestone2017ObjC/Pods-Runestone2017ObjC-frameworks.sh",
				"${BUILT_PRODUCTS_DIR}/MobioSDKSwift/MobioSDKSwift.framework",
			);
			name = "[CP] Embed Pods Frameworks";
			outputPaths = (
				"${TARGET_BUILD_DIR}/${FRAMEWORKS_FOLDER_PATH}/MobioSDKSwift.framework",
			);
			runOnlyForDeploymentPostprocessing = 0;
			shellPath = /bin/sh;
			shellScript = "\"${PODS_ROOT}/Target Support Files/Pods-Runestone2017ObjC/Pods-Runestone2017ObjC-frameworks.sh\"\n";
			showEnvVarsInLog = 0;
		};
		A4D6F40E96EF771459167C9A /* [CP] Check Pods Manifest.lock */ = {
			isa = PBXShellScriptBuildPhase;
			buildActionMask = 2147483647;
			files = (
			);
			inputFileListPaths = (
			);
			inputPaths = (
				"${PODS_PODFILE_DIR_PATH}/Podfile.lock",
				"${PODS_ROOT}/Manifest.lock",
			);
			name = "[CP] Check Pods Manifest.lock";
			outputFileListPaths = (
			);
			outputPaths = (
				"$(DERIVED_FILE_DIR)/Pods-Runestone2017ObjC-checkManifestLockResult.txt",
			);
			runOnlyForDeploymentPostprocessing = 0;
			shellPath = /bin/sh;
			shellScript = "diff \"${PODS_PODFILE_DIR_PATH}/Podfile.lock\" \"${PODS_ROOT}/Manifest.lock\" > /dev/null\nif [ $? != 0 ] ; then\n    # print error to STDERR\n    echo \"error: The sandbox is not in sync with the Podfile.lock. Run 'pod install' or update your CocoaPods installation.\" >&2\n    exit 1\nfi\n# This output is used by Xcode 'outputs' to avoid re-running this script phase.\necho \"SUCCESS\" > \"${SCRIPT_OUTPUT_FILE_0}\"\n";
			showEnvVarsInLog = 0;
		};
/* End PBXShellScriptBuildPhase section */

/* Begin PBXSourcesBuildPhase section */
		B5251D521F6DCCA7007434C7 /* Sources */ = {
			isa = PBXSourcesBuildPhase;
			buildActionMask = 2147483647;
			files = (
				B5251D9F1F6EBE3F007434C7 /* MenuInstructionsViewController.m in Sources */,
				B5251D681F6DCCA7007434C7 /* GameViewController.m in Sources */,
				B5251DCF1F6F0909007434C7 /* MenuCreditsViewController.m in Sources */,
				B5251D5E1F6DCCA7007434C7 /* AppDelegate.m in Sources */,
				B5251D9A1F6EB3D7007434C7 /* MenuMainViewController.m in Sources */,
				B5251D651F6DCCA7007434C7 /* GameScene.m in Sources */,
				B5251D5B1F6DCCA7007434C7 /* main.m in Sources */,
			);
			runOnlyForDeploymentPostprocessing = 0;
		};
		B5251D721F6DCCA7007434C7 /* Sources */ = {
			isa = PBXSourcesBuildPhase;
			buildActionMask = 2147483647;
			files = (
				B5251DD01F6F0909007434C7 /* MenuCreditsViewController.m in Sources */,
				B5251DA01F6EBE3F007434C7 /* MenuInstructionsViewController.m in Sources */,
				B5251D9B1F6EB3D7007434C7 /* MenuMainViewController.m in Sources */,
				B5251D7B1F6DCCA7007434C7 /* Runestone2017ObjCTests.m in Sources */,
			);
			runOnlyForDeploymentPostprocessing = 0;
		};
		B5251D7D1F6DCCA7007434C7 /* Sources */ = {
			isa = PBXSourcesBuildPhase;
			buildActionMask = 2147483647;
			files = (
				B5251DD11F6F0909007434C7 /* MenuCreditsViewController.m in Sources */,
				B5251DA11F6EBE3F007434C7 /* MenuInstructionsViewController.m in Sources */,
				B5251D9C1F6EB3D7007434C7 /* MenuMainViewController.m in Sources */,
				B566732B1F7E219E0081156C /* GameScene.m in Sources */,
				B5251D861F6DCCA7007434C7 /* Runestone2017ObjCUITests.m in Sources */,
			);
			runOnlyForDeploymentPostprocessing = 0;
		};
/* End PBXSourcesBuildPhase section */

/* Begin PBXTargetDependency section */
		B5251D781F6DCCA7007434C7 /* PBXTargetDependency */ = {
			isa = PBXTargetDependency;
			target = B5251D551F6DCCA7007434C7 /* Runestone2017ObjC */;
			targetProxy = B5251D771F6DCCA7007434C7 /* PBXContainerItemProxy */;
		};
		B5251D831F6DCCA7007434C7 /* PBXTargetDependency */ = {
			isa = PBXTargetDependency;
			target = B5251D551F6DCCA7007434C7 /* Runestone2017ObjC */;
			targetProxy = B5251D821F6DCCA7007434C7 /* PBXContainerItemProxy */;
		};
/* End PBXTargetDependency section */

/* Begin PBXVariantGroup section */
		B5251D691F6DCCA7007434C7 /* Main.storyboard */ = {
			isa = PBXVariantGroup;
			children = (
				B5251D6A1F6DCCA7007434C7 /* Base */,
			);
			name = Main.storyboard;
			sourceTree = "<group>";
		};
		B5251D6E1F6DCCA7007434C7 /* LaunchScreen.storyboard */ = {
			isa = PBXVariantGroup;
			children = (
				B5251D6F1F6DCCA7007434C7 /* Base */,
			);
			name = LaunchScreen.storyboard;
			sourceTree = "<group>";
		};
/* End PBXVariantGroup section */

/* Begin XCBuildConfiguration section */
		B5251D881F6DCCA7007434C7 /* Debug */ = {
			isa = XCBuildConfiguration;
			buildSettings = {
				ALWAYS_SEARCH_USER_PATHS = NO;
				CLANG_ANALYZER_LOCALIZABILITY_NONLOCALIZED = YES;
				CLANG_ANALYZER_NONNULL = YES;
				CLANG_ANALYZER_NUMBER_OBJECT_CONVERSION = YES_AGGRESSIVE;
				CLANG_CXX_LANGUAGE_STANDARD = "gnu++0x";
				CLANG_CXX_LIBRARY = "libc++";
				CLANG_ENABLE_MODULES = YES;
				CLANG_ENABLE_OBJC_ARC = YES;
				CLANG_WARN_BLOCK_CAPTURE_AUTORELEASING = YES;
				CLANG_WARN_BOOL_CONVERSION = YES;
				CLANG_WARN_COMMA = YES;
				CLANG_WARN_CONSTANT_CONVERSION = YES;
				CLANG_WARN_DEPRECATED_OBJC_IMPLEMENTATIONS = YES;
				CLANG_WARN_DIRECT_OBJC_ISA_USAGE = YES_ERROR;
				CLANG_WARN_DOCUMENTATION_COMMENTS = YES;
				CLANG_WARN_EMPTY_BODY = YES;
				CLANG_WARN_ENUM_CONVERSION = YES;
				CLANG_WARN_INFINITE_RECURSION = YES;
				CLANG_WARN_INT_CONVERSION = YES;
				CLANG_WARN_NON_LITERAL_NULL_CONVERSION = YES;
				CLANG_WARN_OBJC_IMPLICIT_RETAIN_SELF = YES;
				CLANG_WARN_OBJC_LITERAL_CONVERSION = YES;
				CLANG_WARN_OBJC_ROOT_CLASS = YES_ERROR;
				CLANG_WARN_QUOTED_INCLUDE_IN_FRAMEWORK_HEADER = YES;
				CLANG_WARN_RANGE_LOOP_ANALYSIS = YES;
				CLANG_WARN_STRICT_PROTOTYPES = YES;
				CLANG_WARN_SUSPICIOUS_MOVE = YES;
				CLANG_WARN_UNREACHABLE_CODE = YES;
				CLANG_WARN__DUPLICATE_METHOD_MATCH = YES;
				"CODE_SIGN_IDENTITY[sdk=iphoneos*]" = "iPhone Developer";
				COPY_PHASE_STRIP = NO;
				DEBUG_INFORMATION_FORMAT = dwarf;
				DEFINES_MODULE = YES;
				ENABLE_STRICT_OBJC_MSGSEND = YES;
				ENABLE_TESTABILITY = YES;
				GCC_C_LANGUAGE_STANDARD = gnu99;
				GCC_DYNAMIC_NO_PIC = NO;
				GCC_NO_COMMON_BLOCKS = YES;
				GCC_OPTIMIZATION_LEVEL = 0;
				GCC_PREPROCESSOR_DEFINITIONS = (
					"DEBUG=1",
					"$(inherited)",
				);
				GCC_WARN_64_TO_32_BIT_CONVERSION = YES;
				GCC_WARN_ABOUT_RETURN_TYPE = YES_ERROR;
				GCC_WARN_UNDECLARED_SELECTOR = YES;
				GCC_WARN_UNINITIALIZED_AUTOS = YES_AGGRESSIVE;
				GCC_WARN_UNUSED_FUNCTION = YES;
				GCC_WARN_UNUSED_VARIABLE = YES;
				IPHONEOS_DEPLOYMENT_TARGET = 12.0;
				MTL_ENABLE_DEBUG_INFO = YES;
				ONLY_ACTIVE_ARCH = YES;
				SDKROOT = iphoneos;
				SWIFT_VERSION = 4.0;
				TARGETED_DEVICE_FAMILY = "1,2";
			};
			name = Debug;
		};
		B5251D891F6DCCA7007434C7 /* Release */ = {
			isa = XCBuildConfiguration;
			buildSettings = {
				ALWAYS_SEARCH_USER_PATHS = NO;
				CLANG_ANALYZER_LOCALIZABILITY_NONLOCALIZED = YES;
				CLANG_ANALYZER_NONNULL = YES;
				CLANG_ANALYZER_NUMBER_OBJECT_CONVERSION = YES_AGGRESSIVE;
				CLANG_CXX_LANGUAGE_STANDARD = "gnu++0x";
				CLANG_CXX_LIBRARY = "libc++";
				CLANG_ENABLE_MODULES = YES;
				CLANG_ENABLE_OBJC_ARC = YES;
				CLANG_WARN_BLOCK_CAPTURE_AUTORELEASING = YES;
				CLANG_WARN_BOOL_CONVERSION = YES;
				CLANG_WARN_COMMA = YES;
				CLANG_WARN_CONSTANT_CONVERSION = YES;
				CLANG_WARN_DEPRECATED_OBJC_IMPLEMENTATIONS = YES;
				CLANG_WARN_DIRECT_OBJC_ISA_USAGE = YES_ERROR;
				CLANG_WARN_DOCUMENTATION_COMMENTS = YES;
				CLANG_WARN_EMPTY_BODY = YES;
				CLANG_WARN_ENUM_CONVERSION = YES;
				CLANG_WARN_INFINITE_RECURSION = YES;
				CLANG_WARN_INT_CONVERSION = YES;
				CLANG_WARN_NON_LITERAL_NULL_CONVERSION = YES;
				CLANG_WARN_OBJC_IMPLICIT_RETAIN_SELF = YES;
				CLANG_WARN_OBJC_LITERAL_CONVERSION = YES;
				CLANG_WARN_OBJC_ROOT_CLASS = YES_ERROR;
				CLANG_WARN_QUOTED_INCLUDE_IN_FRAMEWORK_HEADER = YES;
				CLANG_WARN_RANGE_LOOP_ANALYSIS = YES;
				CLANG_WARN_STRICT_PROTOTYPES = YES;
				CLANG_WARN_SUSPICIOUS_MOVE = YES;
				CLANG_WARN_UNREACHABLE_CODE = YES;
				CLANG_WARN__DUPLICATE_METHOD_MATCH = YES;
				"CODE_SIGN_IDENTITY[sdk=iphoneos*]" = "iPhone Developer";
				COPY_PHASE_STRIP = NO;
				DEBUG_INFORMATION_FORMAT = "dwarf-with-dsym";
				DEFINES_MODULE = YES;
				ENABLE_NS_ASSERTIONS = NO;
				ENABLE_STRICT_OBJC_MSGSEND = YES;
				GCC_C_LANGUAGE_STANDARD = gnu99;
				GCC_NO_COMMON_BLOCKS = YES;
				GCC_WARN_64_TO_32_BIT_CONVERSION = YES;
				GCC_WARN_ABOUT_RETURN_TYPE = YES_ERROR;
				GCC_WARN_UNDECLARED_SELECTOR = YES;
				GCC_WARN_UNINITIALIZED_AUTOS = YES_AGGRESSIVE;
				GCC_WARN_UNUSED_FUNCTION = YES;
				GCC_WARN_UNUSED_VARIABLE = YES;
				IPHONEOS_DEPLOYMENT_TARGET = 12.0;
				MTL_ENABLE_DEBUG_INFO = NO;
				SDKROOT = iphoneos;
				SWIFT_COMPILATION_MODE = wholemodule;
				SWIFT_VERSION = 4.0;
				TARGETED_DEVICE_FAMILY = "1,2";
				VALIDATE_PRODUCT = YES;
			};
			name = Release;
		};
		B5251D8B1F6DCCA7007434C7 /* Debug */ = {
			isa = XCBuildConfiguration;
			baseConfigurationReference = C78011710FACE005B89B42C4 /* Pods-Runestone2017ObjC.debug.xcconfig */;
			buildSettings = {
				ASSETCATALOG_COMPILER_APPICON_NAME = AppIcon;
				CLANG_ENABLE_MODULES = YES;
				CODE_SIGN_STYLE = Manual;
				DEVELOPMENT_TEAM = "";
				INFOPLIST_FILE = Runestone2017ObjC/Info.plist;
				IPHONEOS_DEPLOYMENT_TARGET = 14.0;
				LD_RUNPATH_SEARCH_PATHS = "$(inherited) @executable_path/Frameworks";
				PRODUCT_BUNDLE_IDENTIFIER = com.kitsunesoftware.Runestone2017ObjC;
				PRODUCT_NAME = "$(TARGET_NAME)";
				PROVISIONING_PROFILE_SPECIFIER = "";
				SWIFT_OBJC_BRIDGING_HEADER = "Runestone2017ObjC/Runestone2017ObjC-Bridging-Header.h";
				SWIFT_OPTIMIZATION_LEVEL = "-Onone";
				SWIFT_VERSION = 4.0;
			};
			name = Debug;
		};
		B5251D8C1F6DCCA7007434C7 /* Release */ = {
			isa = XCBuildConfiguration;
			baseConfigurationReference = 6B9EE60A10A9CF4149013346 /* Pods-Runestone2017ObjC.release.xcconfig */;
			buildSettings = {
				ASSETCATALOG_COMPILER_APPICON_NAME = AppIcon;
				CLANG_ENABLE_MODULES = YES;
				CODE_SIGN_STYLE = Manual;
				DEVELOPMENT_TEAM = "";
				INFOPLIST_FILE = Runestone2017ObjC/Info.plist;
				IPHONEOS_DEPLOYMENT_TARGET = 14.0;
				LD_RUNPATH_SEARCH_PATHS = "$(inherited) @executable_path/Frameworks";
				PRODUCT_BUNDLE_IDENTIFIER = com.kitsunesoftware.Runestone2017ObjC;
				PRODUCT_NAME = "$(TARGET_NAME)";
				PROVISIONING_PROFILE_SPECIFIER = "";
				SWIFT_OBJC_BRIDGING_HEADER = "Runestone2017ObjC/Runestone2017ObjC-Bridging-Header.h";
				SWIFT_VERSION = 4.0;
			};
			name = Release;
		};
		B5251D8E1F6DCCA7007434C7 /* Debug */ = {
			isa = XCBuildConfiguration;
			buildSettings = {
				BUNDLE_LOADER = "$(TEST_HOST)";
				CLANG_ENABLE_MODULES = YES;
				INFOPLIST_FILE = Runestone2017ObjCTests/Info.plist;
				LD_RUNPATH_SEARCH_PATHS = "$(inherited) @executable_path/Frameworks @loader_path/Frameworks";
				PRODUCT_BUNDLE_IDENTIFIER = com.kitsunesoftware.Runestone2017ObjCTests;
				PRODUCT_NAME = "$(TARGET_NAME)";
				SWIFT_OBJC_BRIDGING_HEADER = "Runestone2017ObjC/Runestone2017ObjCTests-Bridging-Header.h";
				SWIFT_OPTIMIZATION_LEVEL = "-Onone";
				SWIFT_VERSION = 3.0;
				TEST_HOST = "$(BUILT_PRODUCTS_DIR)/Runestone2017ObjC.app/Runestone2017ObjC";
			};
			name = Debug;
		};
		B5251D8F1F6DCCA7007434C7 /* Release */ = {
			isa = XCBuildConfiguration;
			buildSettings = {
				BUNDLE_LOADER = "$(TEST_HOST)";
				CLANG_ENABLE_MODULES = YES;
				INFOPLIST_FILE = Runestone2017ObjCTests/Info.plist;
				LD_RUNPATH_SEARCH_PATHS = "$(inherited) @executable_path/Frameworks @loader_path/Frameworks";
				PRODUCT_BUNDLE_IDENTIFIER = com.kitsunesoftware.Runestone2017ObjCTests;
				PRODUCT_NAME = "$(TARGET_NAME)";
				SWIFT_OBJC_BRIDGING_HEADER = "Runestone2017ObjC/Runestone2017ObjCTests-Bridging-Header.h";
				SWIFT_VERSION = 3.0;
				TEST_HOST = "$(BUILT_PRODUCTS_DIR)/Runestone2017ObjC.app/Runestone2017ObjC";
			};
			name = Release;
		};
		B5251D911F6DCCA7007434C7 /* Debug */ = {
			isa = XCBuildConfiguration;
			buildSettings = {
				CLANG_ENABLE_MODULES = YES;
				INFOPLIST_FILE = Runestone2017ObjCUITests/Info.plist;
				LD_RUNPATH_SEARCH_PATHS = "$(inherited) @executable_path/Frameworks @loader_path/Frameworks";
				PRODUCT_BUNDLE_IDENTIFIER = com.kitsunesoftware.Runestone2017ObjCUITests;
				PRODUCT_NAME = "$(TARGET_NAME)";
				SWIFT_OBJC_BRIDGING_HEADER = "Runestone2017ObjC/Runestone2017ObjCUITests-Bridging-Header.h";
				SWIFT_OPTIMIZATION_LEVEL = "-Onone";
				SWIFT_VERSION = 3.0;
				TEST_TARGET_NAME = Runestone2017ObjC;
			};
			name = Debug;
		};
		B5251D921F6DCCA7007434C7 /* Release */ = {
			isa = XCBuildConfiguration;
			buildSettings = {
				CLANG_ENABLE_MODULES = YES;
				INFOPLIST_FILE = Runestone2017ObjCUITests/Info.plist;
				LD_RUNPATH_SEARCH_PATHS = "$(inherited) @executable_path/Frameworks @loader_path/Frameworks";
				PRODUCT_BUNDLE_IDENTIFIER = com.kitsunesoftware.Runestone2017ObjCUITests;
				PRODUCT_NAME = "$(TARGET_NAME)";
				SWIFT_OBJC_BRIDGING_HEADER = "Runestone2017ObjC/Runestone2017ObjCUITests-Bridging-Header.h";
				SWIFT_VERSION = 3.0;
				TEST_TARGET_NAME = Runestone2017ObjC;
			};
			name = Release;
		};
/* End XCBuildConfiguration section */

/* Begin XCConfigurationList section */
		B5251D511F6DCCA7007434C7 /* Build configuration list for PBXProject "Runestone2017ObjC" */ = {
			isa = XCConfigurationList;
			buildConfigurations = (
				B5251D881F6DCCA7007434C7 /* Debug */,
				B5251D891F6DCCA7007434C7 /* Release */,
			);
			defaultConfigurationIsVisible = 0;
			defaultConfigurationName = Release;
		};
		B5251D8A1F6DCCA7007434C7 /* Build configuration list for PBXNativeTarget "Runestone2017ObjC" */ = {
			isa = XCConfigurationList;
			buildConfigurations = (
				B5251D8B1F6DCCA7007434C7 /* Debug */,
				B5251D8C1F6DCCA7007434C7 /* Release */,
			);
			defaultConfigurationIsVisible = 0;
			defaultConfigurationName = Release;
		};
		B5251D8D1F6DCCA7007434C7 /* Build configuration list for PBXNativeTarget "Runestone2017ObjCTests" */ = {
			isa = XCConfigurationList;
			buildConfigurations = (
				B5251D8E1F6DCCA7007434C7 /* Debug */,
				B5251D8F1F6DCCA7007434C7 /* Release */,
			);
			defaultConfigurationIsVisible = 0;
			defaultConfigurationName = Release;
		};
		B5251D901F6DCCA7007434C7 /* Build configuration list for PBXNativeTarget "Runestone2017ObjCUITests" */ = {
			isa = XCConfigurationList;
			buildConfigurations = (
				B5251D911F6DCCA7007434C7 /* Debug */,
				B5251D921F6DCCA7007434C7 /* Release */,
			);
			defaultConfigurationIsVisible = 0;
			defaultConfigurationName = Release;
		};
/* End XCConfigurationList section */
	};
	rootObject = B5251D4E1F6DCCA7007434C7 /* Project object */;
}
